
Microsoft Visual Studio Solution File, Format Version 12.00
# Visual Studio 14
VisualStudioVersion = 14.0.24720.0
MinimumVisualStudioVersion = 10.0.40219.1
Project("{FAE04EC0-301F-11D3-BF4B-00C04F79EFBC}") = "AKreations", "AKreations\AKreations.csproj", "{68FE9F64-5EC9-447E-AA54-C85E529D925A}"
EndProject
Global
	GlobalSection(SolutionConfigurationPlatforms) = preSolution
		Debug|Any CPU = Debug|Any CPU
		Release|Any CPU = Release|Any CPU
	EndGlobalSection
	GlobalSection(ProjectConfigurationPlatforms) = postSolution
		{68FE9F64-5EC9-447E-AA54-C85E529D925A}.Debug|Any CPU.ActiveCfg = Debug|Any CPU
		{68FE9F64-5EC9-447E-AA54-C85E529D925A}.Debug|Any CPU.Build.0 = Debug|Any CPU
		{68FE9F64-5EC9-447E-AA54-C85E529D925A}.Release|Any CPU.ActiveCfg = Release|Any CPU
		{68FE9F64-5EC9-447E-AA54-C85E529D925A}.Release|Any CPU.Build.0 = Release|Any CPU
	EndGlobalSection
	GlobalSection(SolutionProperties) = preSolution
		HideSolutionNode = FALSE
	EndGlobalSection
EndGlobal
